
Microsoft Visual Studio Solution File, Format Version 12.00
# Visual Studio Version 16
VisualStudioVersion = 16.0.32126.315
MinimumVisualStudioVersion = 10.0.40219.1
Project("{F184B08F-C81C-45F6-A57F-5ABD9991F28F}") = "ItemsWithAttributes", "ItemsWithAttributes\ItemsWithAttributes.vbproj", "{3E974E28-6D97-4DFE-91BD-9367D4A89AD8}"
EndProject
Global
	GlobalSection(SolutionConfigurationPlatforms) = preSolution
		Debug|Any CPU = Debug|Any CPU
		Release|Any CPU = Release|Any CPU
	EndGlobalSection
	GlobalSection(ProjectConfigurationPlatforms) = postSolution
		{3E974E28-6D97-4DFE-91BD-9367D4A89AD8}.Debug|Any CPU.ActiveCfg = Debug|Any CPU
		{3E974E28-6D97-4DFE-91BD-9367D4A89AD8}.Debug|Any CPU.Build.0 = Debug|Any CPU
		{3E974E28-6D97-4DFE-91BD-9367D4A89AD8}.Release|Any CPU.ActiveCfg = Release|Any CPU
		{3E974E28-6D97-4DFE-91BD-9367D4A89AD8}.Release|Any CPU.Build.0 = Release|Any CPU
	EndGlobalSection
	GlobalSection(SolutionProperties) = preSolution
		HideSolutionNode = FALSE
	EndGlobalSection
	GlobalSection(ExtensibilityGlobals) = postSolution
		SolutionGuid = {37D456E8-5BBB-4178-9979-8A787C69446C}
	EndGlobalSection
EndGlobal
